{
  "name": "CPAC",
  "lockfileVersion": 2,
  "requires": true,
  "packages": {
    "": {
      "dependencies": {
        "loading-animations-react": "^1.3.3",
        "react-cssfx-loading": "^2.1.0",
        "react-icons": "^4.4.0",
        "react-spinners": "^0.13.4"
      }
    },
    "node_modules/csstype": {
      "version": "3.1.1",
      "resolved": "https://registry.npmjs.org/csstype/-/csstype-3.1.1.tgz",
      "integrity": "sha512-DJR/VvkAvSZW9bTouZue2sSxDwdTN92uHjqeKVm+0dAqdfNykRzQ95tay8aXMBAAPpUiq4Qcug2L7neoRh2Egw==",
      "peer": true
    },
    "node_modules/goober": {
      "version": "2.1.11",
      "resolved": "https://registry.npmjs.org/goober/-/goober-2.1.11.tgz",
      "integrity": "sha512-5SS2lmxbhqH0u9ABEWq7WPU69a4i2pYcHeCxqaNq6Cw3mnrF0ghWNM4tEGid4dKy8XNIAUbuThuozDHHKJVh3A==",
      "peerDependencies": {
        "csstype": "^3.0.10"
      }
    },
    "node_modules/js-tokens": {
      "version": "4.0.0",
      "resolved": "https://registry.npmjs.org/js-tokens/-/js-tokens-4.0.0.tgz",
      "integrity": "sha512-RdJUflcE3cUzKiMqQgsCu06FPu9UdIJO0beYbPhHN4k6apgJtifcoCtT9bcxOpYBtpD2kCM6Sbzg4CausW/PKQ==",
      "peer": true
    },
    "node_modules/loading-animations-react": {
      "version": "1.3.3",
      "resolved": "https://registry.npmjs.org/loading-animations-react/-/loading-animations-react-1.3.3.tgz",
      "integrity": "sha512-9lofQRxBKNQ551e6LGROkQ53M3hX1pQkdnVqhht7KmkPtAXeM18NogwDfGgfX4m6JABzx6GIQN/MHOXKV7N/5g==",
      "peerDependencies": {
        "react": "^17.0.2",
        "react-dom": "^17.0.2"
      }
    },
    "node_modules/loose-envify": {
      "version": "1.4.0",
      "resolved": "https://registry.npmjs.org/loose-envify/-/loose-envify-1.4.0.tgz",
      "integrity": "sha512-lyuxPGr/Wfhrlem2CL/UcnUc1zcqKAImBDzukY7Y5F/yQiNdko6+fRLevlw1HgMySw7f611UIY408EtxRSoK3Q==",
      "peer": true,
      "dependencies": {
        "js-tokens": "^3.0.0 || ^4.0.0"
      },
      "bin": {
        "loose-envify": "cli.js"
      }
    },
    "node_modules/object-assign": {
      "version": "4.1.1",
      "resolved": "https://registry.npmjs.org/object-assign/-/object-assign-4.1.1.tgz",
      "integrity": "sha512-rJgTQnkUnH1sFw8yT6VSU3zD3sWmu6sZhIseY8VX+GRu3P6F7Fu+JNDoXfklElbLJSnc3FUQHVe4cU5hj+BcUg==",
      "peer": true,
      "engines": {
        "node": ">=0.10.0"
      }
    },
    "node_modules/react": {
      "version": "17.0.2",
      "resolved": "https://registry.npmjs.org/react/-/react-17.0.2.tgz",
      "integrity": "sha512-gnhPt75i/dq/z3/6q/0asP78D0u592D5L1pd7M8P+dck6Fu/jJeL6iVVK23fptSUZj8Vjf++7wXA8UNclGQcbA==",
      "peer": true,
      "dependencies": {
        "loose-envify": "^1.1.0",
        "object-assign": "^4.1.1"
      },
      "engines": {
        "node": ">=0.10.0"
      }
    },
    "node_modules/react-cssfx-loading": {
      "version": "2.1.0",
      "resolved": "https://registry.npmjs.org/react-cssfx-loading/-/react-cssfx-loading-2.1.0.tgz",
      "integrity": "sha512-0SnS6HpaeLSaTxNuND6sAKTQmoKgjwFb9G2ltyEMmA5ARNN6TRQfiJ8PfaYM9RwVEOhDxIzGI7whb2zeI1VRxw==",
      "dependencies": {
        "goober": "^2.1.10"
      },
      "engines": {
        "node": ">=10"
      },
      "peerDependencies": {
        "react": ">=16"
      }
    },
    "node_modules/react-dom": {
      "version": "17.0.2",
      "resolved": "https://registry.npmjs.org/react-dom/-/react-dom-17.0.2.tgz",
      "integrity": "sha512-s4h96KtLDUQlsENhMn1ar8t2bEa+q/YAtj8pPPdIjPDGBDIVNsrD9aXNWqspUe6AzKCIG0C1HZZLqLV7qpOBGA==",
      "peer": true,
      "dependencies": {
        "loose-envify": "^1.1.0",
        "object-assign": "^4.1.1",
        "scheduler": "^0.20.2"
      },
      "peerDependencies": {
        "react": "17.0.2"
      }
    },
    "node_modules/react-icons": {
      "version": "4.4.0",
      "resolved": "https://registry.npmjs.org/react-icons/-/react-icons-4.4.0.tgz",
      "integrity": "sha512-fSbvHeVYo/B5/L4VhB7sBA1i2tS8MkT0Hb9t2H1AVPkwGfVHLJCqyr2Py9dKMxsyM63Eng1GkdZfbWj+Fmv8Rg==",
      "peerDependencies": {
        "react": "*"
      }
    },
    "node_modules/react-spinners": {
      "version": "0.13.4",
      "resolved": "https://registry.npmjs.org/react-spinners/-/react-spinners-0.13.4.tgz",
      "integrity": "sha512-V6IURjYOwomhdngMfuVxBp4utCF6v21sjQ6r4K2JoKl8fwXZp1UeHMBLf+2SU+cts8hAVj9rHOJ8kdT5UqqaJw==",
      "peerDependencies": {
        "react": "^16.0.0 || ^17.0.0 || ^18.0.0",
        "react-dom": "^16.0.0 || ^17.0.0 || ^18.0.0"
      }
    },
    "node_modules/scheduler": {
      "version": "0.20.2",
      "resolved": "https://registry.npmjs.org/scheduler/-/scheduler-0.20.2.tgz",
      "integrity": "sha512-2eWfGgAqqWFGqtdMmcL5zCMK1U8KlXv8SQFGglL3CEtd0aDVDWgeF/YoCmvln55m5zSk3J/20hTaSBeSObsQDQ==",
      "peer": true,
      "dependencies": {
        "loose-envify": "^1.1.0",
        "object-assign": "^4.1.1"
      }
    }
  },
  "dependencies": {
    "csstype": {
      "version": "3.1.1",
      "resolved": "https://registry.npmjs.org/csstype/-/csstype-3.1.1.tgz",
      "integrity": "sha512-DJR/VvkAvSZW9bTouZue2sSxDwdTN92uHjqeKVm+0dAqdfNykRzQ95tay8aXMBAAPpUiq4Qcug2L7neoRh2Egw==",
      "peer": true
    },
    "goober": {
      "version": "2.1.11",
      "resolved": "https://registry.npmjs.org/goober/-/goober-2.1.11.tgz",
      "integrity": "sha512-5SS2lmxbhqH0u9ABEWq7WPU69a4i2pYcHeCxqaNq6Cw3mnrF0ghWNM4tEGid4dKy8XNIAUbuThuozDHHKJVh3A==",
      "requires": {}
    },
    "js-tokens": {
      "version": "4.0.0",
      "resolved": "https://registry.npmjs.org/js-tokens/-/js-tokens-4.0.0.tgz",
      "integrity": "sha512-RdJUflcE3cUzKiMqQgsCu06FPu9UdIJO0beYbPhHN4k6apgJtifcoCtT9bcxOpYBtpD2kCM6Sbzg4CausW/PKQ==",
      "peer": true
    },
    "loading-animations-react": {
      "version": "1.3.3",
      "resolved": "https://registry.npmjs.org/loading-animations-react/-/loading-animations-react-1.3.3.tgz",
      "integrity": "sha512-9lofQRxBKNQ551e6LGROkQ53M3hX1pQkdnVqhht7KmkPtAXeM18NogwDfGgfX4m6JABzx6GIQN/MHOXKV7N/5g==",
      "requires": {}
    },
    "loose-envify": {
      "version": "1.4.0",
      "resolved": "https://registry.npmjs.org/loose-envify/-/loose-envify-1.4.0.tgz",
      "integrity": "sha512-lyuxPGr/Wfhrlem2CL/UcnUc1zcqKAImBDzukY7Y5F/yQiNdko6+fRLevlw1HgMySw7f611UIY408EtxRSoK3Q==",
      "peer": true,
      "requires": {
        "js-tokens": "^3.0.0 || ^4.0.0"
      }
    },
    "object-assign": {
      "version": "4.1.1",
      "resolved": "https://registry.npmjs.org/object-assign/-/object-assign-4.1.1.tgz",
      "integrity": "sha512-rJgTQnkUnH1sFw8yT6VSU3zD3sWmu6sZhIseY8VX+GRu3P6F7Fu+JNDoXfklElbLJSnc3FUQHVe4cU5hj+BcUg==",
      "peer": true
    },
    "react": {
      "version": "17.0.2",
      "resolved": "https://registry.npmjs.org/react/-/react-17.0.2.tgz",
      "integrity": "sha512-gnhPt75i/dq/z3/6q/0asP78D0u592D5L1pd7M8P+dck6Fu/jJeL6iVVK23fptSUZj8Vjf++7wXA8UNclGQcbA==",
      "peer": true,
      "requires": {
        "loose-envify": "^1.1.0",
        "object-assign": "^4.1.1"
      }
    },
    "react-cssfx-loading": {
      "version": "2.1.0",
      "resolved": "https://registry.npmjs.org/react-cssfx-loading/-/react-cssfx-loading-2.1.0.tgz",
      "integrity": "sha512-0SnS6HpaeLSaTxNuND6sAKTQmoKgjwFb9G2ltyEMmA5ARNN6TRQfiJ8PfaYM9RwVEOhDxIzGI7whb2zeI1VRxw==",
      "requires": {
        "goober": "^2.1.10"
      }
    },
    "react-dom": {
      "version": "17.0.2",
      "resolved": "https://registry.npmjs.org/react-dom/-/react-dom-17.0.2.tgz",
      "integrity": "sha512-s4h96KtLDUQlsENhMn1ar8t2bEa+q/YAtj8pPPdIjPDGBDIVNsrD9aXNWqspUe6AzKCIG0C1HZZLqLV7qpOBGA==",
      "peer": true,
      "requires": {
        "loose-envify": "^1.1.0",
        "object-assign": "^4.1.1",
        "scheduler": "^0.20.2"
      }
    },
    "react-icons": {
      "version": "4.4.0",
      "resolved": "https://registry.npmjs.org/react-icons/-/react-icons-4.4.0.tgz",
      "integrity": "sha512-fSbvHeVYo/B5/L4VhB7sBA1i2tS8MkT0Hb9t2H1AVPkwGfVHLJCqyr2Py9dKMxsyM63Eng1GkdZfbWj+Fmv8Rg==",
      "requires": {}
    },
    "react-spinners": {
      "version": "0.13.4",
      "resolved": "https://registry.npmjs.org/react-spinners/-/react-spinners-0.13.4.tgz",
      "integrity": "sha512-V6IURjYOwomhdngMfuVxBp4utCF6v21sjQ6r4K2JoKl8fwXZp1UeHMBLf+2SU+cts8hAVj9rHOJ8kdT5UqqaJw==",
      "requires": {}
    },
    "scheduler": {
      "version": "0.20.2",
      "resolved": "https://registry.npmjs.org/scheduler/-/scheduler-0.20.2.tgz",
      "integrity": "sha512-2eWfGgAqqWFGqtdMmcL5zCMK1U8KlXv8SQFGglL3CEtd0aDVDWgeF/YoCmvln55m5zSk3J/20hTaSBeSObsQDQ==",
      "peer": true,
      "requires": {
        "loose-envify": "^1.1.0",
        "object-assign": "^4.1.1"
      }
    }
  }
}
